
Microsoft Visual Studio Solution File, Format Version 12.00
# Visual Studio Version 17
VisualStudioVersion = 17.1.32328.378
MinimumVisualStudioVersion = 10.0.40219.1
Project("{9A19103F-16F7-4668-BE54-9A1E7A4F7556}") = "C314.JsonUtils.Templates", "C314.JsonUtils.Templates\C314.JsonUtils.Templates.csproj", "{784D619A-0C10-4518-AE38-73357978A42D}"
EndProject
Project("{FAE04EC0-301F-11D3-BF4B-00C04F79EFBC}") = "C314.JsonUtils.Templates.PrettyPrintTest", "C314.JsonUtils.Templates.PrettyPrintTest\C314.JsonUtils.Templates.PrettyPrintTest.csproj", "{FD7EE5AC-4874-4574-B5C2-F34878561078}"
EndProject
Global
	GlobalSection(SolutionConfigurationPlatforms) = preSolution
		Debug|Any CPU = Debug|Any CPU
		Release|Any CPU = Release|Any CPU
	EndGlobalSection
	GlobalSection(ProjectConfigurationPlatforms) = postSolution
		{784D619A-0C10-4518-AE38-73357978A42D}.Debug|Any CPU.ActiveCfg = Debug|Any CPU
		{784D619A-0C10-4518-AE38-73357978A42D}.Debug|Any CPU.Build.0 = Debug|Any CPU
		{784D619A-0C10-4518-AE38-73357978A42D}.Release|Any CPU.ActiveCfg = Release|Any CPU
		{784D619A-0C10-4518-AE38-73357978A42D}.Release|Any CPU.Build.0 = Release|Any CPU
		{FD7EE5AC-4874-4574-B5C2-F34878561078}.Debug|Any CPU.ActiveCfg = Debug|Any CPU
		{FD7EE5AC-4874-4574-B5C2-F34878561078}.Debug|Any CPU.Build.0 = Debug|Any CPU
		{FD7EE5AC-4874-4574-B5C2-F34878561078}.Release|Any CPU.ActiveCfg = Release|Any CPU
		{FD7EE5AC-4874-4574-B5C2-F34878561078}.Release|Any CPU.Build.0 = Release|Any CPU
	EndGlobalSection
	GlobalSection(SolutionProperties) = preSolution
		HideSolutionNode = FALSE
	EndGlobalSection
	GlobalSection(ExtensibilityGlobals) = postSolution
		SolutionGuid = {992FB772-4DC7-4AB2-9C20-F4F9534AAF42}
	EndGlobalSection
EndGlobal
